
Microsoft Visual Studio Solution File, Format Version 12.00
# Visual Studio Version 17
VisualStudioVersion = 17.0.31717.71
MinimumVisualStudioVersion = 10.0.40219.1
Project("{FAE04EC0-301F-11D3-BF4B-00C04F79EFBC}") = "Lesson14-Practice1-WebAPI", "Lesson14-Practice1-WebAPI\Lesson14-Practice1-WebAPI.csproj", "{B68A0386-7CE8-4727-B83A-8FFDC8CA3662}"
EndProject
Global
	GlobalSection(SolutionConfigurationPlatforms) = preSolution
		Debug|Any CPU = Debug|Any CPU
		Release|Any CPU = Release|Any CPU
	EndGlobalSection
	GlobalSection(ProjectConfigurationPlatforms) = postSolution
		{B68A0386-7CE8-4727-B83A-8FFDC8CA3662}.Debug|Any CPU.ActiveCfg = Debug|Any CPU
		{B68A0386-7CE8-4727-B83A-8FFDC8CA3662}.Debug|Any CPU.Build.0 = Debug|Any CPU
		{B68A0386-7CE8-4727-B83A-8FFDC8CA3662}.Release|Any CPU.ActiveCfg = Release|Any CPU
		{B68A0386-7CE8-4727-B83A-8FFDC8CA3662}.Release|Any CPU.Build.0 = Release|Any CPU
	EndGlobalSection
	GlobalSection(SolutionProperties) = preSolution
		HideSolutionNode = FALSE
	EndGlobalSection
	GlobalSection(ExtensibilityGlobals) = postSolution
		SolutionGuid = {880B09C3-857E-403F-9CA9-4B4566FCB1BC}
	EndGlobalSection
EndGlobal
